
Microsoft Visual Studio Solution File, Format Version 12.00
# Visual Studio Version 16
VisualStudioVersion = 16.0.31205.134
MinimumVisualStudioVersion = 10.0.40219.1
Project("{FAE04EC0-301F-11D3-BF4B-00C04F79EFBC}") = "AspNetCore.WebSocket.RESTfullAPI", "AspNetCore.WebSocket.RESTfullAPI\AspNetCore.WebSocket.RESTfullAPI.csproj", "{B94FBCC0-1142-4748-8800-26F141AE921A}"
EndProject
Project("{FAE04EC0-301F-11D3-BF4B-00C04F79EFBC}") = "AspNetCore.WebSocket.RESTfullAPI.TestServer", "AspNetCore.WebSocket.RESTfullAPI.TestServer\AspNetCore.WebSocket.RESTfullAPI.TestServer.csproj", "{C04ED477-926C-4043-BF89-A7F5E8A72DDA}"
EndProject
Global
	GlobalSection(SolutionConfigurationPlatforms) = preSolution
		Debug|Any CPU = Debug|Any CPU
		Debug|ARM = Debug|ARM
		Debug|ARM64 = Debug|ARM64
		Debug|x64 = Debug|x64
		Debug|x86 = Debug|x86
		Release|Any CPU = Release|Any CPU
		Release|ARM = Release|ARM
		Release|ARM64 = Release|ARM64
		Release|x64 = Release|x64
		Release|x86 = Release|x86
	EndGlobalSection
	GlobalSection(ProjectConfigurationPlatforms) = postSolution
		{B94FBCC0-1142-4748-8800-26F141AE921A}.Debug|Any CPU.ActiveCfg = Debug|Any CPU
		{B94FBCC0-1142-4748-8800-26F141AE921A}.Debug|Any CPU.Build.0 = Debug|Any CPU
		{B94FBCC0-1142-4748-8800-26F141AE921A}.Debug|ARM.ActiveCfg = Debug|Any CPU
		{B94FBCC0-1142-4748-8800-26F141AE921A}.Debug|ARM.Build.0 = Debug|Any CPU
		{B94FBCC0-1142-4748-8800-26F141AE921A}.Debug|ARM64.ActiveCfg = Debug|Any CPU
		{B94FBCC0-1142-4748-8800-26F141AE921A}.Debug|ARM64.Build.0 = Debug|Any CPU
		{B94FBCC0-1142-4748-8800-26F141AE921A}.Debug|x64.ActiveCfg = Debug|Any CPU
		{B94FBCC0-1142-4748-8800-26F141AE921A}.Debug|x64.Build.0 = Debug|Any CPU
		{B94FBCC0-1142-4748-8800-26F141AE921A}.Debug|x86.ActiveCfg = Debug|Any CPU
		{B94FBCC0-1142-4748-8800-26F141AE921A}.Debug|x86.Build.0 = Debug|Any CPU
		{B94FBCC0-1142-4748-8800-26F141AE921A}.Release|Any CPU.ActiveCfg = Release|Any CPU
		{B94FBCC0-1142-4748-8800-26F141AE921A}.Release|Any CPU.Build.0 = Release|Any CPU
		{B94FBCC0-1142-4748-8800-26F141AE921A}.Release|ARM.ActiveCfg = Release|Any CPU
		{B94FBCC0-1142-4748-8800-26F141AE921A}.Release|ARM.Build.0 = Release|Any CPU
		{B94FBCC0-1142-4748-8800-26F141AE921A}.Release|ARM64.ActiveCfg = Release|Any CPU
		{B94FBCC0-1142-4748-8800-26F141AE921A}.Release|ARM64.Build.0 = Release|Any CPU
		{B94FBCC0-1142-4748-8800-26F141AE921A}.Release|x64.ActiveCfg = Release|Any CPU
		{B94FBCC0-1142-4748-8800-26F141AE921A}.Release|x64.Build.0 = Release|Any CPU
		{B94FBCC0-1142-4748-8800-26F141AE921A}.Release|x86.ActiveCfg = Release|Any CPU
		{B94FBCC0-1142-4748-8800-26F141AE921A}.Release|x86.Build.0 = Release|Any CPU
		{C04ED477-926C-4043-BF89-A7F5E8A72DDA}.Debug|Any CPU.ActiveCfg = Debug|Any CPU
		{C04ED477-926C-4043-BF89-A7F5E8A72DDA}.Debug|Any CPU.Build.0 = Debug|Any CPU
		{C04ED477-926C-4043-BF89-A7F5E8A72DDA}.Debug|ARM.ActiveCfg = Debug|Any CPU
		{C04ED477-926C-4043-BF89-A7F5E8A72DDA}.Debug|ARM.Build.0 = Debug|Any CPU
		{C04ED477-926C-4043-BF89-A7F5E8A72DDA}.Debug|ARM64.ActiveCfg = Debug|Any CPU
		{C04ED477-926C-4043-BF89-A7F5E8A72DDA}.Debug|ARM64.Build.0 = Debug|Any CPU
		{C04ED477-926C-4043-BF89-A7F5E8A72DDA}.Debug|x64.ActiveCfg = Debug|Any CPU
		{C04ED477-926C-4043-BF89-A7F5E8A72DDA}.Debug|x64.Build.0 = Debug|Any CPU
		{C04ED477-926C-4043-BF89-A7F5E8A72DDA}.Debug|x86.ActiveCfg = Debug|Any CPU
		{C04ED477-926C-4043-BF89-A7F5E8A72DDA}.Debug|x86.Build.0 = Debug|Any CPU
		{C04ED477-926C-4043-BF89-A7F5E8A72DDA}.Release|Any CPU.ActiveCfg = Release|Any CPU
		{C04ED477-926C-4043-BF89-A7F5E8A72DDA}.Release|Any CPU.Build.0 = Release|Any CPU
		{C04ED477-926C-4043-BF89-A7F5E8A72DDA}.Release|ARM.ActiveCfg = Release|Any CPU
		{C04ED477-926C-4043-BF89-A7F5E8A72DDA}.Release|ARM.Build.0 = Release|Any CPU
		{C04ED477-926C-4043-BF89-A7F5E8A72DDA}.Release|ARM64.ActiveCfg = Release|Any CPU
		{C04ED477-926C-4043-BF89-A7F5E8A72DDA}.Release|ARM64.Build.0 = Release|Any CPU
		{C04ED477-926C-4043-BF89-A7F5E8A72DDA}.Release|x64.ActiveCfg = Release|Any CPU
		{C04ED477-926C-4043-BF89-A7F5E8A72DDA}.Release|x64.Build.0 = Release|Any CPU
		{C04ED477-926C-4043-BF89-A7F5E8A72DDA}.Release|x86.ActiveCfg = Release|Any CPU
		{C04ED477-926C-4043-BF89-A7F5E8A72DDA}.Release|x86.Build.0 = Release|Any CPU
	EndGlobalSection
	GlobalSection(SolutionProperties) = preSolution
		HideSolutionNode = FALSE
	EndGlobalSection
	GlobalSection(ExtensibilityGlobals) = postSolution
		SolutionGuid = {0D4D37EF-DE66-4345-BD80-198F5A893504}
	EndGlobalSection
EndGlobal
